
Microsoft Visual Studio Solution File, Format Version 12.00
# Visual Studio 2012
Project("{FAE04EC0-301F-11D3-BF4B-00C04F79EFBC}") = "NotesApi", "NotesApi\NotesApi.csproj", "{C393DAD8-BB70-4CB7-9FEB-DFF198B99DE4}"
EndProject
Global
	GlobalSection(SolutionConfigurationPlatforms) = preSolution
		Debug|Any CPU = Debug|Any CPU
		Release|Any CPU = Release|Any CPU
	EndGlobalSection
	GlobalSection(ProjectConfigurationPlatforms) = postSolution
		{C393DAD8-BB70-4CB7-9FEB-DFF198B99DE4}.Debug|Any CPU.ActiveCfg = Debug|Any CPU
		{C393DAD8-BB70-4CB7-9FEB-DFF198B99DE4}.Debug|Any CPU.Build.0 = Debug|Any CPU
		{C393DAD8-BB70-4CB7-9FEB-DFF198B99DE4}.Release|Any CPU.ActiveCfg = Release|Any CPU
		{C393DAD8-BB70-4CB7-9FEB-DFF198B99DE4}.Release|Any CPU.Build.0 = Release|Any CPU
	EndGlobalSection
EndGlobal
